
Microsoft Visual Studio Solution File, Format Version 12.00
# Visual Studio Version 16
VisualStudioVersion = 16.0.30406.217
MinimumVisualStudioVersion = 10.0.40219.1
Project("{FAE04EC0-301F-11D3-BF4B-00C04F79EFBC}") = "IToolWebsocket", "WebsocketServer\IToolWebsocket.csproj", "{B4A681AE-51C1-4667-AC8B-769ABDAE036A}"
EndProject
Global
	GlobalSection(SolutionConfigurationPlatforms) = preSolution
		Debug|Any CPU = Debug|Any CPU
		Release|Any CPU = Release|Any CPU
	EndGlobalSection
	GlobalSection(ProjectConfigurationPlatforms) = postSolution
		{B4A681AE-51C1-4667-AC8B-769ABDAE036A}.Debug|Any CPU.ActiveCfg = Debug|Any CPU
		{B4A681AE-51C1-4667-AC8B-769ABDAE036A}.Debug|Any CPU.Build.0 = Debug|Any CPU
		{B4A681AE-51C1-4667-AC8B-769ABDAE036A}.Release|Any CPU.ActiveCfg = Release|Any CPU
		{B4A681AE-51C1-4667-AC8B-769ABDAE036A}.Release|Any CPU.Build.0 = Release|Any CPU
	EndGlobalSection
	GlobalSection(SolutionProperties) = preSolution
		HideSolutionNode = FALSE
	EndGlobalSection
	GlobalSection(ExtensibilityGlobals) = postSolution
		SolutionGuid = {EE29846E-C289-4ABE-8BB4-634D747DE53E}
	EndGlobalSection
EndGlobal
